
Microsoft Visual Studio Solution File, Format Version 12.00
# Visual Studio Version 17
VisualStudioVersion = 17.7.34018.315
MinimumVisualStudioVersion = 10.0.40219.1
Project("{9A19103F-16F7-4668-BE54-9A1E7A4F7556}") = "TaskControl", "WebApplication1\TaskControl.csproj", "{9A14566D-13B3-4D4D-8629-C9BDDA7D7139}"
EndProject
Project("{9A19103F-16F7-4668-BE54-9A1E7A4F7556}") = "TaskControl.Domain", "TaskControl.Domain\TaskControl.Domain.csproj", "{C9AF3ECC-258B-4163-85CA-43F608F99083}"
EndProject
Project("{9A19103F-16F7-4668-BE54-9A1E7A4F7556}") = "TaskControl.Infrastructure", "TaskControl.Infrastructure\TaskControl.Infrastructure.csproj", "{30A2C75C-C92A-4FDB-8C7B-DCF4FFB0AEAD}"
EndProject
Project("{9A19103F-16F7-4668-BE54-9A1E7A4F7556}") = "TaskControl.Application", "TaskControl.Application\TaskControl.Application.csproj", "{95BEA76F-C1E5-43A1-943F-E8724EF63B47}"
EndProject
Project("{FAE04EC0-301F-11D3-BF4B-00C04F79EFBC}") = "TaskControl.Tests", "TaskControl.Tests\TaskControl.Tests.csproj", "{185E1A94-1D7A-434E-B82E-9C891B739B13}"
EndProject
Global
	GlobalSection(SolutionConfigurationPlatforms) = preSolution
		Debug|Any CPU = Debug|Any CPU
		Release|Any CPU = Release|Any CPU
	EndGlobalSection
	GlobalSection(ProjectConfigurationPlatforms) = postSolution
		{9A14566D-13B3-4D4D-8629-C9BDDA7D7139}.Debug|Any CPU.ActiveCfg = Debug|Any CPU
		{9A14566D-13B3-4D4D-8629-C9BDDA7D7139}.Debug|Any CPU.Build.0 = Debug|Any CPU
		{9A14566D-13B3-4D4D-8629-C9BDDA7D7139}.Release|Any CPU.ActiveCfg = Release|Any CPU
		{9A14566D-13B3-4D4D-8629-C9BDDA7D7139}.Release|Any CPU.Build.0 = Release|Any CPU
		{C9AF3ECC-258B-4163-85CA-43F608F99083}.Debug|Any CPU.ActiveCfg = Debug|Any CPU
		{C9AF3ECC-258B-4163-85CA-43F608F99083}.Debug|Any CPU.Build.0 = Debug|Any CPU
		{C9AF3ECC-258B-4163-85CA-43F608F99083}.Release|Any CPU.ActiveCfg = Release|Any CPU
		{C9AF3ECC-258B-4163-85CA-43F608F99083}.Release|Any CPU.Build.0 = Release|Any CPU
		{30A2C75C-C92A-4FDB-8C7B-DCF4FFB0AEAD}.Debug|Any CPU.ActiveCfg = Debug|Any CPU
		{30A2C75C-C92A-4FDB-8C7B-DCF4FFB0AEAD}.Debug|Any CPU.Build.0 = Debug|Any CPU
		{30A2C75C-C92A-4FDB-8C7B-DCF4FFB0AEAD}.Release|Any CPU.ActiveCfg = Release|Any CPU
		{30A2C75C-C92A-4FDB-8C7B-DCF4FFB0AEAD}.Release|Any CPU.Build.0 = Release|Any CPU
		{95BEA76F-C1E5-43A1-943F-E8724EF63B47}.Debug|Any CPU.ActiveCfg = Debug|Any CPU
		{95BEA76F-C1E5-43A1-943F-E8724EF63B47}.Debug|Any CPU.Build.0 = Debug|Any CPU
		{95BEA76F-C1E5-43A1-943F-E8724EF63B47}.Release|Any CPU.ActiveCfg = Release|Any CPU
		{95BEA76F-C1E5-43A1-943F-E8724EF63B47}.Release|Any CPU.Build.0 = Release|Any CPU
		{185E1A94-1D7A-434E-B82E-9C891B739B13}.Debug|Any CPU.ActiveCfg = Debug|Any CPU
		{185E1A94-1D7A-434E-B82E-9C891B739B13}.Debug|Any CPU.Build.0 = Debug|Any CPU
		{185E1A94-1D7A-434E-B82E-9C891B739B13}.Release|Any CPU.ActiveCfg = Release|Any CPU
		{185E1A94-1D7A-434E-B82E-9C891B739B13}.Release|Any CPU.Build.0 = Release|Any CPU
	EndGlobalSection
	GlobalSection(SolutionProperties) = preSolution
		HideSolutionNode = FALSE
	EndGlobalSection
	GlobalSection(ExtensibilityGlobals) = postSolution
		SolutionGuid = {756C298C-57B6-461C-AE26-B7957E50EFB2}
	EndGlobalSection
EndGlobal
